
Microsoft Visual Studio Solution File, Format Version 12.00
# Visual Studio Version 17
VisualStudioVersion = 17.0.31903.59
MinimumVisualStudioVersion = 10.0.40219.1
Project("{FAE04EC0-301F-11D3-BF4B-00C04F79EFBC}") = "Brightness.Library", "Brightness.Library\Brightness.Library.csproj", "{8B33ADFB-049E-47D7-80B7-305C80119F4C}"
EndProject
Project("{FAE04EC0-301F-11D3-BF4B-00C04F79EFBC}") = "BrightnessControl", "BrightnessControl\BrightnessControl.csproj", "{D0249B41-44D7-4760-85CB-D05E81BE62B3}"
EndProject
Global
	GlobalSection(SolutionConfigurationPlatforms) = preSolution
		Debug|Any CPU = Debug|Any CPU
		Release|Any CPU = Release|Any CPU
	EndGlobalSection
	GlobalSection(ProjectConfigurationPlatforms) = postSolution
		{8B33ADFB-049E-47D7-80B7-305C80119F4C}.Debug|Any CPU.ActiveCfg = Debug|Any CPU
		{8B33ADFB-049E-47D7-80B7-305C80119F4C}.Debug|Any CPU.Build.0 = Debug|Any CPU
		{8B33ADFB-049E-47D7-80B7-305C80119F4C}.Release|Any CPU.ActiveCfg = Release|Any CPU
		{8B33ADFB-049E-47D7-80B7-305C80119F4C}.Release|Any CPU.Build.0 = Release|Any CPU
		{D0249B41-44D7-4760-85CB-D05E81BE62B3}.Debug|Any CPU.ActiveCfg = Debug|Any CPU
		{D0249B41-44D7-4760-85CB-D05E81BE62B3}.Debug|Any CPU.Build.0 = Debug|Any CPU
		{D0249B41-44D7-4760-85CB-D05E81BE62B3}.Release|Any CPU.ActiveCfg = Release|Any CPU
		{D0249B41-44D7-4760-85CB-D05E81BE62B3}.Release|Any CPU.Build.0 = Release|Any CPU
	EndGlobalSection
	GlobalSection(SolutionProperties) = preSolution
		HideSolutionNode = FALSE
	EndGlobalSection
	GlobalSection(ExtensibilityGlobals) = postSolution
		SolutionGuid = {91A7B8F9-5633-447F-9CAC-3FA1B3EF1D4E}
	EndGlobalSection
EndGlobal
